
Microsoft Visual Studio Solution File, Format Version 12.00
# Visual Studio Version 17
VisualStudioVersion = 17.12.35514.174
MinimumVisualStudioVersion = 10.0.40219.1
Project("{FAE04EC0-301F-11D3-BF4B-00C04F79EFBC}") = "UserManagementSystem", "UserManagementSystem.csproj", "{262CBD9B-0F2E-484F-8114-14E44030F3D2}"
EndProject
Project("{FAE04EC0-301F-11D3-BF4B-00C04F79EFBC}") = "UserManagementSystem.test", "..\UserManagementSystem.test\UserManagementSystem.test.csproj", "{4F9AA40D-D903-47D1-A604-A9BD47B57BE9}"
EndProject
Global
	GlobalSection(SolutionConfigurationPlatforms) = preSolution
		Debug|Any CPU = Debug|Any CPU
		Release|Any CPU = Release|Any CPU
	EndGlobalSection
	GlobalSection(ProjectConfigurationPlatforms) = postSolution
		{262CBD9B-0F2E-484F-8114-14E44030F3D2}.Debug|Any CPU.ActiveCfg = Debug|Any CPU
		{262CBD9B-0F2E-484F-8114-14E44030F3D2}.Debug|Any CPU.Build.0 = Debug|Any CPU
		{262CBD9B-0F2E-484F-8114-14E44030F3D2}.Release|Any CPU.ActiveCfg = Release|Any CPU
		{262CBD9B-0F2E-484F-8114-14E44030F3D2}.Release|Any CPU.Build.0 = Release|Any CPU
		{4F9AA40D-D903-47D1-A604-A9BD47B57BE9}.Debug|Any CPU.ActiveCfg = Debug|Any CPU
		{4F9AA40D-D903-47D1-A604-A9BD47B57BE9}.Debug|Any CPU.Build.0 = Debug|Any CPU
		{4F9AA40D-D903-47D1-A604-A9BD47B57BE9}.Release|Any CPU.ActiveCfg = Release|Any CPU
		{4F9AA40D-D903-47D1-A604-A9BD47B57BE9}.Release|Any CPU.Build.0 = Release|Any CPU
	EndGlobalSection
	GlobalSection(SolutionProperties) = preSolution
		HideSolutionNode = FALSE
	EndGlobalSection
EndGlobal
